
Microsoft Visual Studio Solution File, Format Version 12.00
# Visual Studio Version 17
VisualStudioVersion = 17.4.33122.133
MinimumVisualStudioVersion = 10.0.40219.1
Project("{9A19103F-16F7-4668-BE54-9A1E7A4F7556}") = "05", "05\05.csproj", "{11014397-F9DB-4C5E-B580-DA69B1D2FD48}"
EndProject
Project("{9A19103F-16F7-4668-BE54-9A1E7A4F7556}") = "04", "04\04.csproj", "{67FB6E60-0244-4BF6-825B-C6E9F7D8E222}"
EndProject
Project("{9A19103F-16F7-4668-BE54-9A1E7A4F7556}") = "03", "03\03.csproj", "{88F74161-E685-471A-B978-FAA1BDEBA480}"
EndProject
Project("{9A19103F-16F7-4668-BE54-9A1E7A4F7556}") = "02", "02\02.csproj", "{6C000CF9-C708-4D18-B461-42371A00FD62}"
EndProject
Project("{9A19103F-16F7-4668-BE54-9A1E7A4F7556}") = "01", "01\01.csproj", "{9509C17B-DE73-4FB4-ADE1-0D3AACDFEF60}"
EndProject
Project("{9A19103F-16F7-4668-BE54-9A1E7A4F7556}") = "06", "06\06.csproj", "{E4307886-A209-444D-8609-730911C55DDF}"
EndProject
Project("{9A19103F-16F7-4668-BE54-9A1E7A4F7556}") = "07", "07\07.csproj", "{10F4B32A-D59B-4365-A612-5BEAD15E6780}"
EndProject
Project("{9A19103F-16F7-4668-BE54-9A1E7A4F7556}") = "08", "08\08.csproj", "{8BA9C0EA-5E2F-4E7D-A2BD-5B4C93AB27F1}"
EndProject
Project("{9A19103F-16F7-4668-BE54-9A1E7A4F7556}") = "09", "09\09.csproj", "{8B9305E2-65CF-49CA-8AED-692FE0C44212}"
EndProject
Project("{9A19103F-16F7-4668-BE54-9A1E7A4F7556}") = "10", "10\10.csproj", "{FA5FAEA1-1730-4C48-AAA9-3543E1EFD0CC}"
EndProject
Project("{9A19103F-16F7-4668-BE54-9A1E7A4F7556}") = "11", "11\11.csproj", "{F83F0A44-51C2-4695-82B2-BEE4E6EED2F0}"
EndProject
Project("{9A19103F-16F7-4668-BE54-9A1E7A4F7556}") = "12", "12\12.csproj", "{261A062B-6152-430C-9007-0B9677675BBD}"
EndProject
Project("{9A19103F-16F7-4668-BE54-9A1E7A4F7556}") = "13", "13\13.csproj", "{E78AB9AD-DFDB-4D38-AE59-BED8E212FE70}"
EndProject
Project("{9A19103F-16F7-4668-BE54-9A1E7A4F7556}") = "14", "14\14.csproj", "{178123AD-FE29-450C-8FCA-94E368567AEC}"
EndProject
Project("{9A19103F-16F7-4668-BE54-9A1E7A4F7556}") = "15", "15\15.csproj", "{9D24A4B5-C8F6-40B3-985B-B5E486864B94}"
EndProject
Project("{9A19103F-16F7-4668-BE54-9A1E7A4F7556}") = "16", "16\16.csproj", "{2BB1F753-6BE0-4EE8-BB39-2C9E650EA06C}"
EndProject
Project("{9A19103F-16F7-4668-BE54-9A1E7A4F7556}") = "17", "17\17.csproj", "{607761F1-A967-44A5-9100-EDE2F213D3DF}"
EndProject
Project("{9A19103F-16F7-4668-BE54-9A1E7A4F7556}") = "18", "18\18.csproj", "{16252927-78D0-4D4B-937F-99B0E5915323}"
EndProject
Project("{9A19103F-16F7-4668-BE54-9A1E7A4F7556}") = "19", "19\19.csproj", "{EACF217C-724C-4426-9EE4-27615AFD1615}"
EndProject
Project("{9A19103F-16F7-4668-BE54-9A1E7A4F7556}") = "20", "20\20.csproj", "{2BBD8311-8612-4CD4-8F17-0B1B44556516}"
EndProject
Project("{9A19103F-16F7-4668-BE54-9A1E7A4F7556}") = "21", "21\21.csproj", "{42DFB001-486D-4B72-B299-6FB42DF4EAFE}"
EndProject
Project("{9A19103F-16F7-4668-BE54-9A1E7A4F7556}") = "22", "22\22.csproj", "{091A0D5A-2E1D-4C3C-ADAC-F36B1BA9C80D}"
EndProject
Project("{9A19103F-16F7-4668-BE54-9A1E7A4F7556}") = "23", "23\23.csproj", "{46B9A9F8-8EDF-464E-8A79-ECDE3D70C884}"
EndProject
Project("{FAE04EC0-301F-11D3-BF4B-00C04F79EFBC}") = "24", "24\24.csproj", "{DB200934-644A-4170-9C96-BF4AACAC0319}"
EndProject
Project("{FAE04EC0-301F-11D3-BF4B-00C04F79EFBC}") = "25", "25\25.csproj", "{CED916AC-7643-4714-93D3-D1E1592CD31A}"
EndProject
Global
	GlobalSection(SolutionConfigurationPlatforms) = preSolution
		Debug|Any CPU = Debug|Any CPU
		Release|Any CPU = Release|Any CPU
	EndGlobalSection
	GlobalSection(ProjectConfigurationPlatforms) = postSolution
		{11014397-F9DB-4C5E-B580-DA69B1D2FD48}.Debug|Any CPU.ActiveCfg = Debug|Any CPU
		{11014397-F9DB-4C5E-B580-DA69B1D2FD48}.Debug|Any CPU.Build.0 = Debug|Any CPU
		{11014397-F9DB-4C5E-B580-DA69B1D2FD48}.Release|Any CPU.ActiveCfg = Release|Any CPU
		{11014397-F9DB-4C5E-B580-DA69B1D2FD48}.Release|Any CPU.Build.0 = Release|Any CPU
		{67FB6E60-0244-4BF6-825B-C6E9F7D8E222}.Debug|Any CPU.ActiveCfg = Debug|Any CPU
		{67FB6E60-0244-4BF6-825B-C6E9F7D8E222}.Debug|Any CPU.Build.0 = Debug|Any CPU
		{67FB6E60-0244-4BF6-825B-C6E9F7D8E222}.Release|Any CPU.ActiveCfg = Release|Any CPU
		{67FB6E60-0244-4BF6-825B-C6E9F7D8E222}.Release|Any CPU.Build.0 = Release|Any CPU
		{88F74161-E685-471A-B978-FAA1BDEBA480}.Debug|Any CPU.ActiveCfg = Debug|Any CPU
		{88F74161-E685-471A-B978-FAA1BDEBA480}.Debug|Any CPU.Build.0 = Debug|Any CPU
		{88F74161-E685-471A-B978-FAA1BDEBA480}.Release|Any CPU.ActiveCfg = Release|Any CPU
		{88F74161-E685-471A-B978-FAA1BDEBA480}.Release|Any CPU.Build.0 = Release|Any CPU
		{6C000CF9-C708-4D18-B461-42371A00FD62}.Debug|Any CPU.ActiveCfg = Debug|Any CPU
		{6C000CF9-C708-4D18-B461-42371A00FD62}.Debug|Any CPU.Build.0 = Debug|Any CPU
		{6C000CF9-C708-4D18-B461-42371A00FD62}.Release|Any CPU.ActiveCfg = Release|Any CPU
		{6C000CF9-C708-4D18-B461-42371A00FD62}.Release|Any CPU.Build.0 = Release|Any CPU
		{9509C17B-DE73-4FB4-ADE1-0D3AACDFEF60}.Debug|Any CPU.ActiveCfg = Debug|Any CPU
		{9509C17B-DE73-4FB4-ADE1-0D3AACDFEF60}.Debug|Any CPU.Build.0 = Debug|Any CPU
		{9509C17B-DE73-4FB4-ADE1-0D3AACDFEF60}.Release|Any CPU.ActiveCfg = Release|Any CPU
		{9509C17B-DE73-4FB4-ADE1-0D3AACDFEF60}.Release|Any CPU.Build.0 = Release|Any CPU
		{E4307886-A209-444D-8609-730911C55DDF}.Debug|Any CPU.ActiveCfg = Debug|Any CPU
		{E4307886-A209-444D-8609-730911C55DDF}.Debug|Any CPU.Build.0 = Debug|Any CPU
		{E4307886-A209-444D-8609-730911C55DDF}.Release|Any CPU.ActiveCfg = Release|Any CPU
		{E4307886-A209-444D-8609-730911C55DDF}.Release|Any CPU.Build.0 = Release|Any CPU
		{10F4B32A-D59B-4365-A612-5BEAD15E6780}.Debug|Any CPU.ActiveCfg = Debug|Any CPU
		{10F4B32A-D59B-4365-A612-5BEAD15E6780}.Debug|Any CPU.Build.0 = Debug|Any CPU
		{10F4B32A-D59B-4365-A612-5BEAD15E6780}.Release|Any CPU.ActiveCfg = Release|Any CPU
		{10F4B32A-D59B-4365-A612-5BEAD15E6780}.Release|Any CPU.Build.0 = Release|Any CPU
		{8BA9C0EA-5E2F-4E7D-A2BD-5B4C93AB27F1}.Debug|Any CPU.ActiveCfg = Debug|Any CPU
		{8BA9C0EA-5E2F-4E7D-A2BD-5B4C93AB27F1}.Debug|Any CPU.Build.0 = Debug|Any CPU
		{8BA9C0EA-5E2F-4E7D-A2BD-5B4C93AB27F1}.Release|Any CPU.ActiveCfg = Release|Any CPU
		{8BA9C0EA-5E2F-4E7D-A2BD-5B4C93AB27F1}.Release|Any CPU.Build.0 = Release|Any CPU
		{8B9305E2-65CF-49CA-8AED-692FE0C44212}.Debug|Any CPU.ActiveCfg = Debug|Any CPU
		{8B9305E2-65CF-49CA-8AED-692FE0C44212}.Debug|Any CPU.Build.0 = Debug|Any CPU
		{8B9305E2-65CF-49CA-8AED-692FE0C44212}.Release|Any CPU.ActiveCfg = Release|Any CPU
		{8B9305E2-65CF-49CA-8AED-692FE0C44212}.Release|Any CPU.Build.0 = Release|Any CPU
		{FA5FAEA1-1730-4C48-AAA9-3543E1EFD0CC}.Debug|Any CPU.ActiveCfg = Debug|Any CPU
		{FA5FAEA1-1730-4C48-AAA9-3543E1EFD0CC}.Debug|Any CPU.Build.0 = Debug|Any CPU
		{FA5FAEA1-1730-4C48-AAA9-3543E1EFD0CC}.Release|Any CPU.ActiveCfg = Release|Any CPU
		{FA5FAEA1-1730-4C48-AAA9-3543E1EFD0CC}.Release|Any CPU.Build.0 = Release|Any CPU
		{F83F0A44-51C2-4695-82B2-BEE4E6EED2F0}.Debug|Any CPU.ActiveCfg = Debug|Any CPU
		{F83F0A44-51C2-4695-82B2-BEE4E6EED2F0}.Debug|Any CPU.Build.0 = Debug|Any CPU
		{F83F0A44-51C2-4695-82B2-BEE4E6EED2F0}.Release|Any CPU.ActiveCfg = Release|Any CPU
		{F83F0A44-51C2-4695-82B2-BEE4E6EED2F0}.Release|Any CPU.Build.0 = Release|Any CPU
		{261A062B-6152-430C-9007-0B9677675BBD}.Debug|Any CPU.ActiveCfg = Debug|Any CPU
		{261A062B-6152-430C-9007-0B9677675BBD}.Debug|Any CPU.Build.0 = Debug|Any CPU
		{261A062B-6152-430C-9007-0B9677675BBD}.Release|Any CPU.ActiveCfg = Release|Any CPU
		{261A062B-6152-430C-9007-0B9677675BBD}.Release|Any CPU.Build.0 = Release|Any CPU
		{E78AB9AD-DFDB-4D38-AE59-BED8E212FE70}.Debug|Any CPU.ActiveCfg = Debug|Any CPU
		{E78AB9AD-DFDB-4D38-AE59-BED8E212FE70}.Debug|Any CPU.Build.0 = Debug|Any CPU
		{E78AB9AD-DFDB-4D38-AE59-BED8E212FE70}.Release|Any CPU.ActiveCfg = Release|Any CPU
		{E78AB9AD-DFDB-4D38-AE59-BED8E212FE70}.Release|Any CPU.Build.0 = Release|Any CPU
		{178123AD-FE29-450C-8FCA-94E368567AEC}.Debug|Any CPU.ActiveCfg = Debug|Any CPU
		{178123AD-FE29-450C-8FCA-94E368567AEC}.Debug|Any CPU.Build.0 = Debug|Any CPU
		{178123AD-FE29-450C-8FCA-94E368567AEC}.Release|Any CPU.ActiveCfg = Release|Any CPU
		{178123AD-FE29-450C-8FCA-94E368567AEC}.Release|Any CPU.Build.0 = Release|Any CPU
		{9D24A4B5-C8F6-40B3-985B-B5E486864B94}.Debug|Any CPU.ActiveCfg = Debug|Any CPU
		{9D24A4B5-C8F6-40B3-985B-B5E486864B94}.Debug|Any CPU.Build.0 = Debug|Any CPU
		{9D24A4B5-C8F6-40B3-985B-B5E486864B94}.Release|Any CPU.ActiveCfg = Release|Any CPU
		{9D24A4B5-C8F6-40B3-985B-B5E486864B94}.Release|Any CPU.Build.0 = Release|Any CPU
		{2BB1F753-6BE0-4EE8-BB39-2C9E650EA06C}.Debug|Any CPU.ActiveCfg = Debug|Any CPU
		{2BB1F753-6BE0-4EE8-BB39-2C9E650EA06C}.Debug|Any CPU.Build.0 = Debug|Any CPU
		{2BB1F753-6BE0-4EE8-BB39-2C9E650EA06C}.Release|Any CPU.ActiveCfg = Release|Any CPU
		{2BB1F753-6BE0-4EE8-BB39-2C9E650EA06C}.Release|Any CPU.Build.0 = Release|Any CPU
		{607761F1-A967-44A5-9100-EDE2F213D3DF}.Debug|Any CPU.ActiveCfg = Debug|Any CPU
		{607761F1-A967-44A5-9100-EDE2F213D3DF}.Debug|Any CPU.Build.0 = Debug|Any CPU
		{607761F1-A967-44A5-9100-EDE2F213D3DF}.Release|Any CPU.ActiveCfg = Release|Any CPU
		{607761F1-A967-44A5-9100-EDE2F213D3DF}.Release|Any CPU.Build.0 = Release|Any CPU
		{16252927-78D0-4D4B-937F-99B0E5915323}.Debug|Any CPU.ActiveCfg = Debug|Any CPU
		{16252927-78D0-4D4B-937F-99B0E5915323}.Debug|Any CPU.Build.0 = Debug|Any CPU
		{16252927-78D0-4D4B-937F-99B0E5915323}.Release|Any CPU.ActiveCfg = Release|Any CPU
		{16252927-78D0-4D4B-937F-99B0E5915323}.Release|Any CPU.Build.0 = Release|Any CPU
		{EACF217C-724C-4426-9EE4-27615AFD1615}.Debug|Any CPU.ActiveCfg = Debug|Any CPU
		{EACF217C-724C-4426-9EE4-27615AFD1615}.Debug|Any CPU.Build.0 = Debug|Any CPU
		{EACF217C-724C-4426-9EE4-27615AFD1615}.Release|Any CPU.ActiveCfg = Release|Any CPU
		{EACF217C-724C-4426-9EE4-27615AFD1615}.Release|Any CPU.Build.0 = Release|Any CPU
		{2BBD8311-8612-4CD4-8F17-0B1B44556516}.Debug|Any CPU.ActiveCfg = Debug|Any CPU
		{2BBD8311-8612-4CD4-8F17-0B1B44556516}.Debug|Any CPU.Build.0 = Debug|Any CPU
		{2BBD8311-8612-4CD4-8F17-0B1B44556516}.Release|Any CPU.ActiveCfg = Release|Any CPU
		{2BBD8311-8612-4CD4-8F17-0B1B44556516}.Release|Any CPU.Build.0 = Release|Any CPU
		{42DFB001-486D-4B72-B299-6FB42DF4EAFE}.Debug|Any CPU.ActiveCfg = Debug|Any CPU
		{42DFB001-486D-4B72-B299-6FB42DF4EAFE}.Debug|Any CPU.Build.0 = Debug|Any CPU
		{42DFB001-486D-4B72-B299-6FB42DF4EAFE}.Release|Any CPU.ActiveCfg = Release|Any CPU
		{42DFB001-486D-4B72-B299-6FB42DF4EAFE}.Release|Any CPU.Build.0 = Release|Any CPU
		{091A0D5A-2E1D-4C3C-ADAC-F36B1BA9C80D}.Debug|Any CPU.ActiveCfg = Debug|Any CPU
		{091A0D5A-2E1D-4C3C-ADAC-F36B1BA9C80D}.Debug|Any CPU.Build.0 = Debug|Any CPU
		{091A0D5A-2E1D-4C3C-ADAC-F36B1BA9C80D}.Release|Any CPU.ActiveCfg = Release|Any CPU
		{091A0D5A-2E1D-4C3C-ADAC-F36B1BA9C80D}.Release|Any CPU.Build.0 = Release|Any CPU
		{46B9A9F8-8EDF-464E-8A79-ECDE3D70C884}.Debug|Any CPU.ActiveCfg = Debug|Any CPU
		{46B9A9F8-8EDF-464E-8A79-ECDE3D70C884}.Debug|Any CPU.Build.0 = Debug|Any CPU
		{46B9A9F8-8EDF-464E-8A79-ECDE3D70C884}.Release|Any CPU.ActiveCfg = Release|Any CPU
		{46B9A9F8-8EDF-464E-8A79-ECDE3D70C884}.Release|Any CPU.Build.0 = Release|Any CPU
		{DB200934-644A-4170-9C96-BF4AACAC0319}.Debug|Any CPU.ActiveCfg = Debug|Any CPU
		{DB200934-644A-4170-9C96-BF4AACAC0319}.Debug|Any CPU.Build.0 = Debug|Any CPU
		{DB200934-644A-4170-9C96-BF4AACAC0319}.Release|Any CPU.ActiveCfg = Release|Any CPU
		{DB200934-644A-4170-9C96-BF4AACAC0319}.Release|Any CPU.Build.0 = Release|Any CPU
		{CED916AC-7643-4714-93D3-D1E1592CD31A}.Debug|Any CPU.ActiveCfg = Debug|Any CPU
		{CED916AC-7643-4714-93D3-D1E1592CD31A}.Debug|Any CPU.Build.0 = Debug|Any CPU
		{CED916AC-7643-4714-93D3-D1E1592CD31A}.Release|Any CPU.ActiveCfg = Release|Any CPU
		{CED916AC-7643-4714-93D3-D1E1592CD31A}.Release|Any CPU.Build.0 = Release|Any CPU
	EndGlobalSection
	GlobalSection(SolutionProperties) = preSolution
		HideSolutionNode = FALSE
	EndGlobalSection
	GlobalSection(ExtensibilityGlobals) = postSolution
		SolutionGuid = {E82F5ED2-2F57-404D-8690-7B0A5B6B45FE}
	EndGlobalSection
EndGlobal
